
Microsoft Visual Studio Solution File, Format Version 12.00
# Visual Studio Version 17
VisualStudioVersion = 17.6.33723.286
MinimumVisualStudioVersion = 10.0.40219.1
Project("{9A19103F-16F7-4668-BE54-9A1E7A4F7556}") = "PowerSupplies.Core", "PowerSupplies.Core\PowerSupplies.Core.csproj", "{97F13B8E-8833-404D-9514-CC3FF69A9BB1}"
EndProject
Project("{9A19103F-16F7-4668-BE54-9A1E7A4F7556}") = "PowerSupplies.Wpf", "PowerSupplies.Wpf\PowerSupplies.Wpf.csproj", "{7653AB39-80BF-4A9E-BCD9-1ED289038EBD}"
EndProject
Project("{9A19103F-16F7-4668-BE54-9A1E7A4F7556}") = "PowerSupplies.Xml", "PowerSupplies.Xml\PowerSupplies.Xml.csproj", "{CA52327A-3C1E-4F50-8464-E744C593BCFF}"
EndProject
Global
	GlobalSection(SolutionConfigurationPlatforms) = preSolution
		Debug|Any CPU = Debug|Any CPU
		Release|Any CPU = Release|Any CPU
	EndGlobalSection
	GlobalSection(ProjectConfigurationPlatforms) = postSolution
		{97F13B8E-8833-404D-9514-CC3FF69A9BB1}.Debug|Any CPU.ActiveCfg = Debug|Any CPU
		{97F13B8E-8833-404D-9514-CC3FF69A9BB1}.Debug|Any CPU.Build.0 = Debug|Any CPU
		{97F13B8E-8833-404D-9514-CC3FF69A9BB1}.Release|Any CPU.ActiveCfg = Release|Any CPU
		{97F13B8E-8833-404D-9514-CC3FF69A9BB1}.Release|Any CPU.Build.0 = Release|Any CPU
		{7653AB39-80BF-4A9E-BCD9-1ED289038EBD}.Debug|Any CPU.ActiveCfg = Debug|Any CPU
		{7653AB39-80BF-4A9E-BCD9-1ED289038EBD}.Debug|Any CPU.Build.0 = Debug|Any CPU
		{7653AB39-80BF-4A9E-BCD9-1ED289038EBD}.Release|Any CPU.ActiveCfg = Release|Any CPU
		{7653AB39-80BF-4A9E-BCD9-1ED289038EBD}.Release|Any CPU.Build.0 = Release|Any CPU
		{CA52327A-3C1E-4F50-8464-E744C593BCFF}.Debug|Any CPU.ActiveCfg = Debug|Any CPU
		{CA52327A-3C1E-4F50-8464-E744C593BCFF}.Debug|Any CPU.Build.0 = Debug|Any CPU
		{CA52327A-3C1E-4F50-8464-E744C593BCFF}.Release|Any CPU.ActiveCfg = Release|Any CPU
		{CA52327A-3C1E-4F50-8464-E744C593BCFF}.Release|Any CPU.Build.0 = Release|Any CPU
	EndGlobalSection
	GlobalSection(SolutionProperties) = preSolution
		HideSolutionNode = FALSE
	EndGlobalSection
	GlobalSection(ExtensibilityGlobals) = postSolution
		SolutionGuid = {A414672F-74F2-4A70-AD9C-3D14F9B455C8}
	EndGlobalSection
EndGlobal
